
Microsoft Visual Studio Solution File, Format Version 12.00
# Visual Studio Version 17
VisualStudioVersion = 17.5.002.0
MinimumVisualStudioVersion = 10.0.40219.1
Project("{9A19103F-16F7-4668-BE54-9A1E7A4F7556}") = "TemperatureWarriorCode", "TemperatureWarriorCode.csproj", "{5D178675-1392-452E-8D8C-A912042345C4}"
EndProject
Global
	GlobalSection(SolutionConfigurationPlatforms) = preSolution
		Debug|Any CPU = Debug|Any CPU
		Release|Any CPU = Release|Any CPU
	EndGlobalSection
	GlobalSection(ProjectConfigurationPlatforms) = postSolution
		{5D178675-1392-452E-8D8C-A912042345C4}.Debug|Any CPU.ActiveCfg = Debug|Any CPU
		{5D178675-1392-452E-8D8C-A912042345C4}.Debug|Any CPU.Build.0 = Debug|Any CPU
		{5D178675-1392-452E-8D8C-A912042345C4}.Release|Any CPU.ActiveCfg = Release|Any CPU
		{5D178675-1392-452E-8D8C-A912042345C4}.Release|Any CPU.Build.0 = Release|Any CPU
	EndGlobalSection
	GlobalSection(SolutionProperties) = preSolution
		HideSolutionNode = FALSE
	EndGlobalSection
	GlobalSection(ExtensibilityGlobals) = postSolution
		SolutionGuid = {E4A29CB4-3F61-420F-AF4A-D47D8282528B}
	EndGlobalSection
EndGlobal
